{
  "name": "rd2weekly",
  "version": "1.0.0",
  "lockfileVersion": 1,
  "requires": true,
  "dependencies": {
    "adm-zip": {
      "version": "0.4.11",
      "resolved": "https://artifactory.palantir.build/artifactory/api/npm/all-npm/adm-zip/-/adm-zip-0.4.11.tgz",
      "integrity": "sha1-KqVMhMSwGp0PuJuxGYKlHxPj1io="
    },
    "agent-base": {
      "version": "4.2.1",
      "resolved": "https://artifactory.palantir.build/artifactory/api/npm/all-npm/agent-base/-/agent-base-4.2.1.tgz",
      "integrity": "sha1-2J5ZmfeXh1Z0wH2H8mD8Qeg+jKk=",
      "requires": {
        "es6-promisify": "^5.0.0"
      }
    },
    "bluebird": {
      "version": "3.4.6",
      "resolved": "https://artifactory.palantir.build/artifactory/api/npm/all-npm/bluebird/-/bluebird-3.4.6.tgz",
      "integrity": "sha1-AdqNgh2HgT0ViWfnQ9X+bGLPjA8="
    },
    "capture-stack-trace": {
      "version": "1.0.1",
      "resolved": "https://artifactory.palantir.build/artifactory/api/npm/all-npm/capture-stack-trace/-/capture-stack-trace-1.0.1.tgz",
      "integrity": "sha1-psC74fOPOqC5Ijjstv9Cw0TUE10="
    },
    "chownr": {
      "version": "1.1.1",
      "resolved": "https://artifactory.palantir.build/artifactory/api/npm/all-npm/chownr/-/chownr-1.1.1.tgz",
      "integrity": "sha1-VHJri4//TfBTxCGH6AH7RBLfFJQ="
    },
    "core-util-is": {
      "version": "1.0.2",
      "resolved": "https://artifactory.palantir.build/artifactory/api/npm/all-npm/core-util-is/-/core-util-is-1.0.2.tgz",
      "integrity": "sha1-tf1UIgqivFq1eqtxQMlAdUUDwac="
    },
    "create-error-class": {
      "version": "3.0.2",
      "resolved": "https://artifactory.palantir.build/artifactory/api/npm/all-npm/create-error-class/-/create-error-class-3.0.2.tgz",
      "integrity": "sha1-Br56vvlHo/FKMP1hBnHUAbyot7Y=",
      "requires": {
        "capture-stack-trace": "^1.0.0"
      }
    },
    "debug": {
      "version": "3.2.6",
      "resolved": "https://artifactory.palantir.build/artifactory/api/npm/all-npm/debug/-/debug-3.2.6.tgz",
      "integrity": "sha1-6D0X3hbYp++3cX7b5fsQE17uYps=",
      "requires": {
        "ms": "^2.1.1"
      }
    },
    "duplexer2": {
      "version": "0.1.4",
      "resolved": "https://artifactory.palantir.build/artifactory/api/npm/all-npm/duplexer2/-/duplexer2-0.1.4.tgz",
      "integrity": "sha1-ixLauHjA1p4+eJEFFmKjL8a93ME=",
      "requires": {
        "readable-stream": "^2.0.2"
      }
    },
    "error-ex": {
      "version": "1.3.2",
      "resolved": "https://artifactory.palantir.build/artifactory/api/npm/all-npm/error-ex/-/error-ex-1.3.2.tgz",
      "integrity": "sha1-tKxAZIEH/c3PriQvQovqihTU8b8=",
      "requires": {
        "is-arrayish": "^0.2.1"
      }
    },
    "es6-promise": {
      "version": "4.2.6",
      "resolved": "https://artifactory.palantir.build/artifactory/api/npm/all-npm/es6-promise/-/es6-promise-4.2.6.tgz",
      "integrity": "sha1-toXt2CWIhjZepitX0w3ij63Nl08="
    },
    "es6-promisify": {
      "version": "5.0.0",
      "resolved": "https://artifactory.palantir.build/artifactory/api/npm/all-npm/es6-promisify/-/es6-promisify-5.0.0.tgz",
      "integrity": "sha1-UQnWLz5W6pZ8S2NQWu8IKRyKUgM=",
      "requires": {
        "es6-promise": "^4.0.3"
      }
    },
    "geckodriver": {
      "version": "1.16.0",
      "resolved": "https://artifactory.palantir.build/artifactory/api/npm/all-npm/geckodriver/-/geckodriver-1.16.0.tgz",
      "integrity": "sha1-7JfzsXVSLOMVhK97QrT/l44r4XA=",
      "requires": {
        "adm-zip": "0.4.11",
        "bluebird": "3.4.6",
        "got": "5.6.0",
        "https-proxy-agent": "2.2.1",
        "tar": "4.0.2"
      }
    },
    "got": {
      "version": "5.6.0",
      "resolved": "https://artifactory.palantir.build/artifactory/api/npm/all-npm/got/-/got-5.6.0.tgz",
      "integrity": "sha1-ux1+4WO3gIK7yOuDbz85UATqb78=",
      "requires": {
        "create-error-class": "^3.0.1",
        "duplexer2": "^0.1.4",
        "is-plain-obj": "^1.0.0",
        "is-redirect": "^1.0.0",
        "is-retry-allowed": "^1.0.0",
        "is-stream": "^1.0.0",
        "lowercase-keys": "^1.0.0",
        "node-status-codes": "^1.0.0",
        "object-assign": "^4.0.1",
        "parse-json": "^2.1.0",
        "pinkie-promise": "^2.0.0",
        "read-all-stream": "^3.0.0",
        "readable-stream": "^2.0.5",
        "timed-out": "^2.0.0",
        "unzip-response": "^1.0.0",
        "url-parse-lax": "^1.0.0"
      }
    },
    "https-proxy-agent": {
      "version": "2.2.1",
      "resolved": "https://artifactory.palantir.build/artifactory/api/npm/all-npm/https-proxy-agent/-/https-proxy-agent-2.2.1.tgz",
      "integrity": "sha1-UVUpcPoE1yPgTFbQQXjD+SWSu8A=",
      "requires": {
        "agent-base": "^4.1.0",
        "debug": "^3.1.0"
      }
    },
    "inherits": {
      "version": "2.0.3",
      "resolved": "https://artifactory.palantir.build/artifactory/api/npm/all-npm/inherits/-/inherits-2.0.3.tgz",
      "integrity": "sha1-Yzwsg+PaQqUC9SRmAiSA9CCCYd4="
    },
    "is-arrayish": {
      "version": "0.2.1",
      "resolved": "https://artifactory.palantir.build/artifactory/api/npm/all-npm/is-arrayish/-/is-arrayish-0.2.1.tgz",
      "integrity": "sha1-d8mYQFJ6qOyxqLppe4BkWnqSap0="
    },
    "is-plain-obj": {
      "version": "1.1.0",
      "resolved": "https://artifactory.palantir.build/artifactory/api/npm/all-npm/is-plain-obj/-/is-plain-obj-1.1.0.tgz",
      "integrity": "sha1-caUMhCnfync8kqOQpKA7OfzVHT4="
    },
    "is-redirect": {
      "version": "1.0.0",
      "resolved": "https://artifactory.palantir.build/artifactory/api/npm/all-npm/is-redirect/-/is-redirect-1.0.0.tgz",
      "integrity": "sha1-HQPd7VO9jbDzDCbk+V02/HyH3CQ="
    },
    "is-retry-allowed": {
      "version": "1.1.0",
      "resolved": "https://artifactory.palantir.build/artifactory/api/npm/all-npm/is-retry-allowed/-/is-retry-allowed-1.1.0.tgz",
      "integrity": "sha1-EaBgVotnM5REAz0BJaYaINVk+zQ="
    },
    "is-stream": {
      "version": "1.1.0",
      "resolved": "https://artifactory.palantir.build/artifactory/api/npm/all-npm/is-stream/-/is-stream-1.1.0.tgz",
      "integrity": "sha1-EtSj3U5o4Lec6428hBc66A2RykQ="
    },
    "isarray": {
      "version": "1.0.0",
      "resolved": "https://artifactory.palantir.build/artifactory/api/npm/all-npm/isarray/-/isarray-1.0.0.tgz",
      "integrity": "sha1-u5NdSFgsuhaMBoNJV6VKPgcSTxE="
    },
    "lowercase-keys": {
      "version": "1.0.1",
      "resolved": "https://artifactory.palantir.build/artifactory/api/npm/all-npm/lowercase-keys/-/lowercase-keys-1.0.1.tgz",
      "integrity": "sha1-b54wtHCE2XGnyCD/FabFFnt0wm8="
    },
    "minimist": {
      "version": "0.0.8",
      "resolved": "https://artifactory.palantir.build/artifactory/api/npm/all-npm/minimist/-/minimist-0.0.8.tgz",
      "integrity": "sha1-hX/Kv8M5fSYluCKCYuhqp6ARsF0="
    },
    "minipass": {
      "version": "2.3.5",
      "resolved": "https://artifactory.palantir.build/artifactory/api/npm/all-npm/minipass/-/minipass-2.3.5.tgz",
      "integrity": "sha1-ys6+SSAiSX9law8PUeJoKp7S2Eg=",
      "requires": {
        "safe-buffer": "^5.1.2",
        "yallist": "^3.0.0"
      }
    },
    "minizlib": {
      "version": "1.2.1",
      "resolved": "https://artifactory.palantir.build/artifactory/api/npm/all-npm/minizlib/-/minizlib-1.2.1.tgz",
      "integrity": "sha1-3SfqYTYkPHyIBoToZyuzpF/ZthQ=",
      "requires": {
        "minipass": "^2.2.1"
      }
    },
    "mkdirp": {
      "version": "0.5.1",
      "resolved": "https://artifactory.palantir.build/artifactory/api/npm/all-npm/mkdirp/-/mkdirp-0.5.1.tgz",
      "integrity": "sha1-MAV0OOrGz3+MR2fzhkjWaX11yQM=",
      "requires": {
        "minimist": "0.0.8"
      }
    },
    "ms": {
      "version": "2.1.1",
      "resolved": "https://artifactory.palantir.build/artifactory/api/npm/all-npm/ms/-/ms-2.1.1.tgz",
      "integrity": "sha1-MKWGTrPrsKZvLr5tcnrwagnYbgo="
    },
    "node-status-codes": {
      "version": "1.0.0",
      "resolved": "https://artifactory.palantir.build/artifactory/api/npm/all-npm/node-status-codes/-/node-status-codes-1.0.0.tgz",
      "integrity": "sha1-WuVUHQJGRdMqWPzdyc7s6nrjrC8="
    },
    "object-assign": {
      "version": "4.1.1",
      "resolved": "https://artifactory.palantir.build/artifactory/api/npm/all-npm/object-assign/-/object-assign-4.1.1.tgz",
      "integrity": "sha1-IQmtx5ZYh8/AXLvUQsrIv7s2CGM="
    },
    "parse-json": {
      "version": "2.2.0",
      "resolved": "https://artifactory.palantir.build/artifactory/api/npm/all-npm/parse-json/-/parse-json-2.2.0.tgz",
      "integrity": "sha1-9ID0BDTvgHQfhGkJn43qGPVaTck=",
      "requires": {
        "error-ex": "^1.2.0"
      }
    },
    "pinkie": {
      "version": "2.0.4",
      "resolved": "https://artifactory.palantir.build/artifactory/api/npm/all-npm/pinkie/-/pinkie-2.0.4.tgz",
      "integrity": "sha1-clVrgM+g1IqXToDnckjoDtT3+HA="
    },
    "pinkie-promise": {
      "version": "2.0.1",
      "resolved": "https://artifactory.palantir.build/artifactory/api/npm/all-npm/pinkie-promise/-/pinkie-promise-2.0.1.tgz",
      "integrity": "sha1-ITXW36ejWMBprJsXh3YogihFD/o=",
      "requires": {
        "pinkie": "^2.0.0"
      }
    },
    "prepend-http": {
      "version": "1.0.4",
      "resolved": "https://artifactory.palantir.build/artifactory/api/npm/all-npm/prepend-http/-/prepend-http-1.0.4.tgz",
      "integrity": "sha1-1PRWKwzjaW5BrFLQ4ALlemNdxtw="
    },
    "process-nextick-args": {
      "version": "2.0.0",
      "resolved": "https://artifactory.palantir.build/artifactory/api/npm/all-npm/process-nextick-args/-/process-nextick-args-2.0.0.tgz",
      "integrity": "sha1-o31zL0JxtKsa0HDTVQjoKQeI/6o="
    },
    "read-all-stream": {
      "version": "3.1.0",
      "resolved": "https://artifactory.palantir.build/artifactory/api/npm/all-npm/read-all-stream/-/read-all-stream-3.1.0.tgz",
      "integrity": "sha1-NcPhd/IHjveJ7kv6+kNzB06u9Po=",
      "requires": {
        "pinkie-promise": "^2.0.0",
        "readable-stream": "^2.0.0"
      }
    },
    "readable-stream": {
      "version": "2.3.6",
      "resolved": "https://artifactory.palantir.build/artifactory/api/npm/all-npm/readable-stream/-/readable-stream-2.3.6.tgz",
      "integrity": "sha1-sRwn2IuP8fvgcGQ8+UsMea4bCq8=",
      "requires": {
        "core-util-is": "~1.0.0",
        "inherits": "~2.0.3",
        "isarray": "~1.0.0",
        "process-nextick-args": "~2.0.0",
        "safe-buffer": "~5.1.1",
        "string_decoder": "~1.1.1",
        "util-deprecate": "~1.0.1"
      }
    },
    "safe-buffer": {
      "version": "5.1.2",
      "resolved": "https://artifactory.palantir.build/artifactory/api/npm/all-npm/safe-buffer/-/safe-buffer-5.1.2.tgz",
      "integrity": "sha1-mR7GnSluAxN0fVm9/St0XDX4go0="
    },
    "string_decoder": {
      "version": "1.1.1",
      "resolved": "https://artifactory.palantir.build/artifactory/api/npm/all-npm/string_decoder/-/string_decoder-1.1.1.tgz",
      "integrity": "sha1-nPFhG6YmhdcDCunkujQUnDrwP8g=",
      "requires": {
        "safe-buffer": "~5.1.0"
      }
    },
    "tar": {
      "version": "4.0.2",
      "resolved": "https://artifactory.palantir.build/artifactory/api/npm/all-npm/tar/-/tar-4.0.2.tgz",
      "integrity": "sha1-6OIr8+7DMOXGFtQVppg5XilOj60=",
      "requires": {
        "chownr": "^1.0.1",
        "minipass": "^2.2.1",
        "minizlib": "^1.0.4",
        "mkdirp": "^0.5.0",
        "yallist": "^3.0.2"
      }
    },
    "timed-out": {
      "version": "2.0.0",
      "resolved": "https://artifactory.palantir.build/artifactory/api/npm/all-npm/timed-out/-/timed-out-2.0.0.tgz",
      "integrity": "sha1-84sK6B03R9YoAB9B2vxlKs5nHAo="
    },
    "unzip-response": {
      "version": "1.0.2",
      "resolved": "https://artifactory.palantir.build/artifactory/api/npm/all-npm/unzip-response/-/unzip-response-1.0.2.tgz",
      "integrity": "sha1-uYTwh3/AqJwsdzzB73tbIytbBv4="
    },
    "url-parse-lax": {
      "version": "1.0.0",
      "resolved": "https://artifactory.palantir.build/artifactory/api/npm/all-npm/url-parse-lax/-/url-parse-lax-1.0.0.tgz",
      "integrity": "sha1-evjzA2Rem9eaJy56FKxovAYJ2nM=",
      "requires": {
        "prepend-http": "^1.0.1"
      }
    },
    "util-deprecate": {
      "version": "1.0.2",
      "resolved": "https://artifactory.palantir.build/artifactory/api/npm/all-npm/util-deprecate/-/util-deprecate-1.0.2.tgz",
      "integrity": "sha1-RQ1Nyfpw3nMnYvvS1KKJgUGaDM8="
    },
    "yallist": {
      "version": "3.0.3",
      "resolved": "https://artifactory.palantir.build/artifactory/api/npm/all-npm/yallist/-/yallist-3.0.3.tgz",
      "integrity": "sha1-tLBJ4xS+VF486AIjbWzSLNkcPek="
    }
  }
}
